
Microsoft Visual Studio Solution File, Format Version 12.00
# Visual Studio 14
VisualStudioVersion = 14.0.23107.0
MinimumVisualStudioVersion = 10.0.40219.1
Project("{FAE04EC0-301F-11D3-BF4B-00C04F79EFBC}") = "Godeltech.Mastery.Web.DigitalLibrary", "Godeltech.Mastery.Web.DigitalLibrary\Godeltech.Mastery.Web.DigitalLibrary.csproj", "{30068B42-4A51-4457-B021-BB8797297A80}"
EndProject
Project("{FAE04EC0-301F-11D3-BF4B-00C04F79EFBC}") = "Godeltech.Mastery.DigitalLibrary.BLL", "Godeltech.Mastery.DigitalLibrary.BLL\Godeltech.Mastery.DigitalLibrary.BLL.csproj", "{401F5BE0-CEFF-4AB9-B4F9-1144A406C12A}"
EndProject
Project("{FAE04EC0-301F-11D3-BF4B-00C04F79EFBC}") = "Godeltech.Mastery.DigitalLibrary.DAL", "Godeltech.Mastery.DigitalLibrary.DAL\Godeltech.Mastery.DigitalLibrary.DAL.csproj", "{08D8C9A7-195D-4C8D-9D26-1E8BEBE4E367}"
EndProject
Global
	GlobalSection(SolutionConfigurationPlatforms) = preSolution
		Debug|Any CPU = Debug|Any CPU
		Release|Any CPU = Release|Any CPU
	EndGlobalSection
	GlobalSection(ProjectConfigurationPlatforms) = postSolution
		{30068B42-4A51-4457-B021-BB8797297A80}.Debug|Any CPU.ActiveCfg = Debug|Any CPU
		{30068B42-4A51-4457-B021-BB8797297A80}.Debug|Any CPU.Build.0 = Debug|Any CPU
		{30068B42-4A51-4457-B021-BB8797297A80}.Release|Any CPU.ActiveCfg = Release|Any CPU
		{30068B42-4A51-4457-B021-BB8797297A80}.Release|Any CPU.Build.0 = Release|Any CPU
		{401F5BE0-CEFF-4AB9-B4F9-1144A406C12A}.Debug|Any CPU.ActiveCfg = Debug|Any CPU
		{401F5BE0-CEFF-4AB9-B4F9-1144A406C12A}.Debug|Any CPU.Build.0 = Debug|Any CPU
		{401F5BE0-CEFF-4AB9-B4F9-1144A406C12A}.Release|Any CPU.ActiveCfg = Release|Any CPU
		{401F5BE0-CEFF-4AB9-B4F9-1144A406C12A}.Release|Any CPU.Build.0 = Release|Any CPU
		{08D8C9A7-195D-4C8D-9D26-1E8BEBE4E367}.Debug|Any CPU.ActiveCfg = Debug|Any CPU
		{08D8C9A7-195D-4C8D-9D26-1E8BEBE4E367}.Debug|Any CPU.Build.0 = Debug|Any CPU
		{08D8C9A7-195D-4C8D-9D26-1E8BEBE4E367}.Release|Any CPU.ActiveCfg = Release|Any CPU
		{08D8C9A7-195D-4C8D-9D26-1E8BEBE4E367}.Release|Any CPU.Build.0 = Release|Any CPU
	EndGlobalSection
	GlobalSection(SolutionProperties) = preSolution
		HideSolutionNode = FALSE
	EndGlobalSection
EndGlobal
